
Microsoft Visual Studio Solution File, Format Version 12.00
# Visual Studio Version 17
VisualStudioVersion = 17.6.33723.286
MinimumVisualStudioVersion = 10.0.40219.1
Project("{9A19103F-16F7-4668-BE54-9A1E7A4F7556}") = "SRTPluginHelper", "src\SRTPluginHelper\SRTPluginHelper.csproj", "{91F9932D-B511-41FD-9998-B7FB40AD9AD0}"
EndProject
Global
	GlobalSection(SolutionConfigurationPlatforms) = preSolution
		Debug|Any CPU = Debug|Any CPU
		Release|Any CPU = Release|Any CPU
	EndGlobalSection
	GlobalSection(ProjectConfigurationPlatforms) = postSolution
		{91F9932D-B511-41FD-9998-B7FB40AD9AD0}.Debug|Any CPU.ActiveCfg = Debug|Any CPU
		{91F9932D-B511-41FD-9998-B7FB40AD9AD0}.Debug|Any CPU.Build.0 = Debug|Any CPU
		{91F9932D-B511-41FD-9998-B7FB40AD9AD0}.Release|Any CPU.ActiveCfg = Release|Any CPU
		{91F9932D-B511-41FD-9998-B7FB40AD9AD0}.Release|Any CPU.Build.0 = Release|Any CPU
	EndGlobalSection
	GlobalSection(SolutionProperties) = preSolution
		HideSolutionNode = FALSE
	EndGlobalSection
	GlobalSection(ExtensibilityGlobals) = postSolution
		SolutionGuid = {8BE17521-99DC-4570-A3B1-F84CBC74C08A}
	EndGlobalSection
EndGlobal
